
Microsoft Visual Studio Solution File, Format Version 12.00
Project("{FAE04EC0-301F-11D3-BF4B-00C04F79EFBC}") = "PayrollSystem.Domain", "PayrollSystem.Domain\PayrollSystem.Domain.csproj", "{B43C0537-7B73-49D9-A5A5-DB43D3CDB3F7}"
EndProject
Project("{FAE04EC0-301F-11D3-BF4B-00C04F79EFBC}") = "PayrollSystem.App", "PayrollSystem.App\PayrollSystem.App.csproj", "{13F478F6-7084-4352-BFA3-97C24E900D48}"
EndProject
Global
	GlobalSection(SolutionConfigurationPlatforms) = preSolution
		Debug|Any CPU = Debug|Any CPU
		Release|Any CPU = Release|Any CPU
	EndGlobalSection
	GlobalSection(ProjectConfigurationPlatforms) = postSolution
		{B43C0537-7B73-49D9-A5A5-DB43D3CDB3F7}.Debug|Any CPU.ActiveCfg = Debug|Any CPU
		{B43C0537-7B73-49D9-A5A5-DB43D3CDB3F7}.Debug|Any CPU.Build.0 = Debug|Any CPU
		{B43C0537-7B73-49D9-A5A5-DB43D3CDB3F7}.Release|Any CPU.ActiveCfg = Release|Any CPU
		{B43C0537-7B73-49D9-A5A5-DB43D3CDB3F7}.Release|Any CPU.Build.0 = Release|Any CPU
		{13F478F6-7084-4352-BFA3-97C24E900D48}.Debug|Any CPU.ActiveCfg = Debug|Any CPU
		{13F478F6-7084-4352-BFA3-97C24E900D48}.Debug|Any CPU.Build.0 = Debug|Any CPU
		{13F478F6-7084-4352-BFA3-97C24E900D48}.Release|Any CPU.ActiveCfg = Release|Any CPU
		{13F478F6-7084-4352-BFA3-97C24E900D48}.Release|Any CPU.Build.0 = Release|Any CPU
	EndGlobalSection
EndGlobal
